// !$*UTF8*$!
{
	archiveVersion = 1;
	classes = {
	};
	objectVersion = 55;
	objects = {

/* Begin PBXBuildFile section */
		1F48B29A27B22BE10064E494 /* opencv2.framework in Frameworks */ = {isa = PBXBuildFile; fileRef = 1F48B29927B22BE10064E494 /* opencv2.framework */; };
		1F48B2A027B22C650064E494 /* Tester.cpp in Sources */ = {isa = PBXBuildFile; fileRef = 1F48B29E27B22C650064E494 /* Tester.cpp */; };
		1F48B2A327B22D3B0064E494 /* TesterWrapper.h in Sources */ = {isa = PBXBuildFile; fileRef = 1F48B2A227B22D3B0064E494 /* TesterWrapper.h */; };
		1F48B2A527B22DAB0064E494 /* TesterWrapper.mm in Sources */ = {isa = PBXBuildFile; fileRef = 1F48B2A427B22DAB0064E494 /* TesterWrapper.mm */; };
		1FB4012D27B0EC7B00618EB8 /* AppDelegate.swift in Sources */ = {isa = PBXBuildFile; fileRef = 1FB4012C27B0EC7B00618EB8 /* AppDelegate.swift */; };
		1FB4012F27B0EC7B00618EB8 /* SceneDelegate.swift in Sources */ = {isa = PBXBuildFile; fileRef = 1FB4012E27B0EC7B00618EB8 /* SceneDelegate.swift */; };
		1FB4013127B0EC7B00618EB8 /* ViewController.swift in Sources */ = {isa = PBXBuildFile; fileRef = 1FB4013027B0EC7B00618EB8 /* ViewController.swift */; };
		1FB4013427B0EC7B00618EB8 /* Main.storyboard in Resources */ = {isa = PBXBuildFile; fileRef = 1FB4013227B0EC7B00618EB8 /* Main.storyboard */; };
		1FB4013627B0EC7E00618EB8 /* Assets.xcassets in Resources */ = {isa = PBXBuildFile; fileRef = 1FB4013527B0EC7E00618EB8 /* Assets.xcassets */; };
		1FB4013927B0EC7E00618EB8 /* LaunchScreen.storyboard in Resources */ = {isa = PBXBuildFile; fileRef = 1FB4013727B0EC7E00618EB8 /* LaunchScreen.storyboard */; };
/* End PBXBuildFile section */

/* Begin PBXFileReference section */
		1F48B29927B22BE10064E494 /* opencv2.framework */ = {isa = PBXFileReference; lastKnownFileType = wrapper.framework; path = opencv2.framework; sourceTree = "<group>"; };
		1F48B29D27B22C650064E494 /* arkit_opencv-Bridging-Header.h */ = {isa = PBXFileReference; lastKnownFileType = sourcecode.c.h; path = "arkit_opencv-Bridging-Header.h"; sourceTree = "<group>"; };
		1F48B29E27B22C650064E494 /* Tester.cpp */ = {isa = PBXFileReference; lastKnownFileType = sourcecode.cpp.cpp; path = Tester.cpp; sourceTree = "<group>"; };
		1F48B29F27B22C650064E494 /* Tester.hpp */ = {isa = PBXFileReference; lastKnownFileType = sourcecode.cpp.h; path = Tester.hpp; sourceTree = "<group>"; };
		1F48B2A227B22D3B0064E494 /* TesterWrapper.h */ = {isa = PBXFileReference; lastKnownFileType = sourcecode.c.h; path = TesterWrapper.h; sourceTree = "<group>"; };
		1F48B2A427B22DAB0064E494 /* TesterWrapper.mm */ = {isa = PBXFileReference; lastKnownFileType = sourcecode.cpp.objcpp; path = TesterWrapper.mm; sourceTree = "<group>"; };
		1FB4012927B0EC7B00618EB8 /* arkit_opencv.app */ = {isa = PBXFileReference; explicitFileType = wrapper.application; includeInIndex = 0; path = arkit_opencv.app; sourceTree = BUILT_PRODUCTS_DIR; };
		1FB4012C27B0EC7B00618EB8 /* AppDelegate.swift */ = {isa = PBXFileReference; lastKnownFileType = sourcecode.swift; path = AppDelegate.swift; sourceTree = "<group>"; };
		1FB4012E27B0EC7B00618EB8 /* SceneDelegate.swift */ = {isa = PBXFileReference; lastKnownFileType = sourcecode.swift; path = SceneDelegate.swift; sourceTree = "<group>"; };
		1FB4013027B0EC7B00618EB8 /* ViewController.swift */ = {isa = PBXFileReference; lastKnownFileType = sourcecode.swift; path = ViewController.swift; sourceTree = "<group>"; };
		1FB4013327B0EC7B00618EB8 /* Base */ = {isa = PBXFileReference; lastKnownFileType = file.storyboard; name = Base; path = Base.lproj/Main.storyboard; sourceTree = "<group>"; };
		1FB4013527B0EC7E00618EB8 /* Assets.xcassets */ = {isa = PBXFileReference; lastKnownFileType = folder.assetcatalog; path = Assets.xcassets; sourceTree = "<group>"; };
		1FB4013827B0EC7E00618EB8 /* Base */ = {isa = PBXFileReference; lastKnownFileType = file.storyboard; name = Base; path = Base.lproj/LaunchScreen.storyboard; sourceTree = "<group>"; };
		1FB4013A27B0EC7E00618EB8 /* Info.plist */ = {isa = PBXFileReference; lastKnownFileType = text.plist.xml; path = Info.plist; sourceTree = "<group>"; };
/* End PBXFileReference section */

/* Begin PBXFrameworksBuildPhase section */
		1FB4012627B0EC7B00618EB8 /* Frameworks */ = {
			isa = PBXFrameworksBuildPhase;
			buildActionMask = 2147483647;
			files = (
				1F48B29A27B22BE10064E494 /* opencv2.framework in Frameworks */,
			);
			runOnlyForDeploymentPostprocessing = 0;
		};
/* End PBXFrameworksBuildPhase section */

/* Begin PBXGroup section */
		1F48B29B27B22C410064E494 /* C++ */ = {
			isa = PBXGroup;
			children = (
				1F48B29E27B22C650064E494 /* Tester.cpp */,
				1F48B29F27B22C650064E494 /* Tester.hpp */,
				1F48B29D27B22C650064E494 /* arkit_opencv-Bridging-Header.h */,
			);
			path = "C++";
			sourceTree = "<group>";
		};
		1F48B2A127B22D210064E494 /* wrappers */ = {
			isa = PBXGroup;
			children = (
				1F48B2A227B22D3B0064E494 /* TesterWrapper.h */,
				1F48B2A427B22DAB0064E494 /* TesterWrapper.mm */,
			);
			path = wrappers;
			sourceTree = "<group>";
		};
		1FB4012027B0EC7B00618EB8 = {
			isa = PBXGroup;
			children = (
				1F48B29927B22BE10064E494 /* opencv2.framework */,
				1FB4012B27B0EC7B00618EB8 /* arkit_opencv */,
				1FB4012A27B0EC7B00618EB8 /* Products */,
			);
			sourceTree = "<group>";
		};
		1FB4012A27B0EC7B00618EB8 /* Products */ = {
			isa = PBXGroup;
			children = (
				1FB4012927B0EC7B00618EB8 /* arkit_opencv.app */,
			);
			name = Products;
			sourceTree = "<group>";
		};
		1FB4012B27B0EC7B00618EB8 /* arkit_opencv */ = {
			isa = PBXGroup;
			children = (
				1F48B2A127B22D210064E494 /* wrappers */,
				1F48B29B27B22C410064E494 /* C++ */,
				1FB4012C27B0EC7B00618EB8 /* AppDelegate.swift */,
				1FB4012E27B0EC7B00618EB8 /* SceneDelegate.swift */,
				1FB4013027B0EC7B00618EB8 /* ViewController.swift */,
				1FB4013227B0EC7B00618EB8 /* Main.storyboard */,
				1FB4013527B0EC7E00618EB8 /* Assets.xcassets */,
				1FB4013727B0EC7E00618EB8 /* LaunchScreen.storyboard */,
				1FB4013A27B0EC7E00618EB8 /* Info.plist */,
			);
			path = arkit_opencv;
			sourceTree = "<group>";
		};
/* End PBXGroup section */

/* Begin PBXNativeTarget section */
		1FB4012827B0EC7B00618EB8 /* arkit_opencv */ = {
			isa = PBXNativeTarget;
			buildConfigurationList = 1FB4013D27B0EC7E00618EB8 /* Build configuration list for PBXNativeTarget "arkit_opencv" */;
			buildPhases = (
				1FB4012527B0EC7B00618EB8 /* Sources */,
				1FB4012627B0EC7B00618EB8 /* Frameworks */,
				1FB4012727B0EC7B00618EB8 /* Resources */,
			);
			buildRules = (
			);
			dependencies = (
			);
			name = arkit_opencv;
			productName = arkit_opencv;
			productReference = 1FB4012927B0EC7B00618EB8 /* arkit_opencv.app */;
			productType = "com.apple.product-type.application";
		};
/* End PBXNativeTarget section */

/* Begin PBXProject section */
		1FB4012127B0EC7B00618EB8 /* Project object */ = {
			isa = PBXProject;
			attributes = {
				BuildIndependentTargetsInParallel = 1;
				LastSwiftUpdateCheck = 1320;
				LastUpgradeCheck = 1320;
				TargetAttributes = {
					1FB4012827B0EC7B00618EB8 = {
						CreatedOnToolsVersion = 13.2.1;
						LastSwiftMigration = 1320;
					};
				};
			};
			buildConfigurationList = 1FB4012427B0EC7B00618EB8 /* Build configuration list for PBXProject "arkit_opencv" */;
			compatibilityVersion = "Xcode 13.0";
			developmentRegion = en;
			hasScannedForEncodings = 0;
			knownRegions = (
				en,
				Base,
			);
			mainGroup = 1FB4012027B0EC7B00618EB8;
			productRefGroup = 1FB4012A27B0EC7B00618EB8 /* Products */;
			projectDirPath = "";
			projectRoot = "";
			targets = (
				1FB4012827B0EC7B00618EB8 /* arkit_opencv */,
			);
		};
/* End PBXProject section */

/* Begin PBXResourcesBuildPhase section */
		1FB4012727B0EC7B00618EB8 /* Resources */ = {
			isa = PBXResourcesBuildPhase;
			buildActionMask = 2147483647;
			files = (
				1FB4013927B0EC7E00618EB8 /* LaunchScreen.storyboard in Resources */,
				1FB4013627B0EC7E00618EB8 /* Assets.xcassets in Resources */,
				1FB4013427B0EC7B00618EB8 /* Main.storyboard in Resources */,
			);
			runOnlyForDeploymentPostprocessing = 0;
		};
/* End PBXResourcesBuildPhase section */

/* Begin PBXSourcesBuildPhase section */
		1FB4012527B0EC7B00618EB8 /* Sources */ = {
			isa = PBXSourcesBuildPhase;
			buildActionMask = 2147483647;
			files = (
				1FB4013127B0EC7B00618EB8 /* ViewController.swift in Sources */,
				1FB4012D27B0EC7B00618EB8 /* AppDelegate.swift in Sources */,
				1F48B2A027B22C650064E494 /* Tester.cpp in Sources */,
				1FB4012F27B0EC7B00618EB8 /* SceneDelegate.swift in Sources */,
				1F48B2A527B22DAB0064E494 /* TesterWrapper.mm in Sources */,
				1F48B2A327B22D3B0064E494 /* TesterWrapper.h in Sources */,
			);
			runOnlyForDeploymentPostprocessing = 0;
		};
/* End PBXSourcesBuildPhase section */

/* Begin PBXVariantGroup section */
		1FB4013227B0EC7B00618EB8 /* Main.storyboard */ = {
			isa = PBXVariantGroup;
			children = (
				1FB4013327B0EC7B00618EB8 /* Base */,
			);
			name = Main.storyboard;
			sourceTree = "<group>";
		};
		1FB4013727B0EC7E00618EB8 /* LaunchScreen.storyboard */ = {
			isa = PBXVariantGroup;
			children = (
				1FB4013827B0EC7E00618EB8 /* Base */,
			);
			name = LaunchScreen.storyboard;
			sourceTree = "<group>";
		};
/* End PBXVariantGroup section */

/* Begin XCBuildConfiguration section */
		1FB4013B27B0EC7E00618EB8 /* Debug */ = {
			isa = XCBuildConfiguration;
			buildSettings = {
				ALWAYS_SEARCH_USER_PATHS = NO;
				CLANG_ANALYZER_NONNULL = YES;
				CLANG_ANALYZER_NUMBER_OBJECT_CONVERSION = YES_AGGRESSIVE;
				CLANG_CXX_LANGUAGE_STANDARD = "gnu++17";
				CLANG_CXX_LIBRARY = "libc++";
				CLANG_ENABLE_MODULES = YES;
				CLANG_ENABLE_OBJC_ARC = YES;
				CLANG_ENABLE_OBJC_WEAK = YES;
				CLANG_WARN_BLOCK_CAPTURE_AUTORELEASING = YES;
				CLANG_WARN_BOOL_CONVERSION = YES;
				CLANG_WARN_COMMA = YES;
				CLANG_WARN_CONSTANT_CONVERSION = YES;
				CLANG_WARN_DEPRECATED_OBJC_IMPLEMENTATIONS = YES;
				CLANG_WARN_DIRECT_OBJC_ISA_USAGE = YES_ERROR;
				CLANG_WARN_DOCUMENTATION_COMMENTS = YES;
				CLANG_WARN_EMPTY_BODY = YES;
				CLANG_WARN_ENUM_CONVERSION = YES;
				CLANG_WARN_INFINITE_RECURSION = YES;
				CLANG_WARN_INT_CONVERSION = YES;
				CLANG_WARN_NON_LITERAL_NULL_CONVERSION = YES;
				CLANG_WARN_OBJC_IMPLICIT_RETAIN_SELF = YES;
				CLANG_WARN_OBJC_LITERAL_CONVERSION = YES;
				CLANG_WARN_OBJC_ROOT_CLASS = YES_ERROR;
				CLANG_WARN_QUOTED_INCLUDE_IN_FRAMEWORK_HEADER = YES;
				CLANG_WARN_RANGE_LOOP_ANALYSIS = YES;
				CLANG_WARN_STRICT_PROTOTYPES = YES;
				CLANG_WARN_SUSPICIOUS_MOVE = YES;
				CLANG_WARN_UNGUARDED_AVAILABILITY = YES_AGGRESSIVE;
				CLANG_WARN_UNREACHABLE_CODE = YES;
				CLANG_WARN__DUPLICATE_METHOD_MATCH = YES;
				COPY_PHASE_STRIP = NO;
				DEBUG_INFORMATION_FORMAT = dwarf;
				ENABLE_STRICT_OBJC_MSGSEND = YES;
				ENABLE_TESTABILITY = YES;
				GCC_C_LANGUAGE_STANDARD = gnu11;
				GCC_DYNAMIC_NO_PIC = NO;
				GCC_NO_COMMON_BLOCKS = YES;
				GCC_OPTIMIZATION_LEVEL = 0;
				GCC_PREPROCESSOR_DEFINITIONS = (
					"DEBUG=1",
					"$(inherited)",
				);
				GCC_WARN_64_TO_32_BIT_CONVERSION = YES;
				GCC_WARN_ABOUT_RETURN_TYPE = YES_ERROR;
				GCC_WARN_UNDECLARED_SELECTOR = YES;
				GCC_WARN_UNINITIALIZED_AUTOS = YES_AGGRESSIVE;
				GCC_WARN_UNUSED_FUNCTION = YES;
				GCC_WARN_UNUSED_VARIABLE = YES;
				IPHONEOS_DEPLOYMENT_TARGET = 15.2;
				MTL_ENABLE_DEBUG_INFO = INCLUDE_SOURCE;
				MTL_FAST_MATH = YES;
				ONLY_ACTIVE_ARCH = YES;
				SDKROOT = iphoneos;
				SWIFT_ACTIVE_COMPILATION_CONDITIONS = DEBUG;
				SWIFT_OPTIMIZATION_LEVEL = "-Onone";
			};
			name = Debug;
		};
		1FB4013C27B0EC7E00618EB8 /* Release */ = {
			isa = XCBuildConfiguration;
			buildSettings = {
				ALWAYS_SEARCH_USER_PATHS = NO;
				CLANG_ANALYZER_NONNULL = YES;
				CLANG_ANALYZER_NUMBER_OBJECT_CONVERSION = YES_AGGRESSIVE;
				CLANG_CXX_LANGUAGE_STANDARD = "gnu++17";
				CLANG_CXX_LIBRARY = "libc++";
				CLANG_ENABLE_MODULES = YES;
				CLANG_ENABLE_OBJC_ARC = YES;
				CLANG_ENABLE_OBJC_WEAK = YES;
				CLANG_WARN_BLOCK_CAPTURE_AUTORELEASING = YES;
				CLANG_WARN_BOOL_CONVERSION = YES;
				CLANG_WARN_COMMA = YES;
				CLANG_WARN_CONSTANT_CONVERSION = YES;
				CLANG_WARN_DEPRECATED_OBJC_IMPLEMENTATIONS = YES;
				CLANG_WARN_DIRECT_OBJC_ISA_USAGE = YES_ERROR;
				CLANG_WARN_DOCUMENTATION_COMMENTS = YES;
				CLANG_WARN_EMPTY_BODY = YES;
				CLANG_WARN_ENUM_CONVERSION = YES;
				CLANG_WARN_INFINITE_RECURSION = YES;
				CLANG_WARN_INT_CONVERSION = YES;
				CLANG_WARN_NON_LITERAL_NULL_CONVERSION = YES;
				CLANG_WARN_OBJC_IMPLICIT_RETAIN_SELF = YES;
				CLANG_WARN_OBJC_LITERAL_CONVERSION = YES;
				CLANG_WARN_OBJC_ROOT_CLASS = YES_ERROR;
				CLANG_WARN_QUOTED_INCLUDE_IN_FRAMEWORK_HEADER = YES;
				CLANG_WARN_RANGE_LOOP_ANALYSIS = YES;
				CLANG_WARN_STRICT_PROTOTYPES = YES;
				CLANG_WARN_SUSPICIOUS_MOVE = YES;
				CLANG_WARN_UNGUARDED_AVAILABILITY = YES_AGGRESSIVE;
				CLANG_WARN_UNREACHABLE_CODE = YES;
				CLANG_WARN__DUPLICATE_METHOD_MATCH = YES;
				COPY_PHASE_STRIP = NO;
				DEBUG_INFORMATION_FORMAT = "dwarf-with-dsym";
				ENABLE_NS_ASSERTIONS = NO;
				ENABLE_STRICT_OBJC_MSGSEND = YES;
				GCC_C_LANGUAGE_STANDARD = gnu11;
				GCC_NO_COMMON_BLOCKS = YES;
				GCC_WARN_64_TO_32_BIT_CONVERSION = YES;
				GCC_WARN_ABOUT_RETURN_TYPE = YES_ERROR;
				GCC_WARN_UNDECLARED_SELECTOR = YES;
				GCC_WARN_UNINITIALIZED_AUTOS = YES_AGGRESSIVE;
				GCC_WARN_UNUSED_FUNCTION = YES;
				GCC_WARN_UNUSED_VARIABLE = YES;
				IPHONEOS_DEPLOYMENT_TARGET = 15.2;
				MTL_ENABLE_DEBUG_INFO = NO;
				MTL_FAST_MATH = YES;
				SDKROOT = iphoneos;
				SWIFT_COMPILATION_MODE = wholemodule;
				SWIFT_OPTIMIZATION_LEVEL = "-O";
				VALIDATE_PRODUCT = YES;
			};
			name = Release;
		};
		1FB4013E27B0EC7E00618EB8 /* Debug */ = {
			isa = XCBuildConfiguration;
			buildSettings = {
				ASSETCATALOG_COMPILER_APPICON_NAME = AppIcon;
				ASSETCATALOG_COMPILER_GLOBAL_ACCENT_COLOR_NAME = AccentColor;
				CLANG_ENABLE_MODULES = YES;
				CODE_SIGN_STYLE = Automatic;
				CURRENT_PROJECT_VERSION = 1;
				DEVELOPMENT_TEAM = 3CA5PPY568;
				FRAMEWORK_SEARCH_PATHS = (
					"$(inherited)",
					"$(PROJECT_DIR)",
				);
				GENERATE_INFOPLIST_FILE = YES;
				INFOPLIST_FILE = arkit_opencv/Info.plist;
				INFOPLIST_KEY_UIApplicationSupportsIndirectInputEvents = YES;
				INFOPLIST_KEY_UILaunchStoryboardName = LaunchScreen;
				INFOPLIST_KEY_UIMainStoryboardFile = Main;
				INFOPLIST_KEY_UISupportedInterfaceOrientations_iPad = "UIInterfaceOrientationPortrait UIInterfaceOrientationPortraitUpsideDown UIInterfaceOrientationLandscapeLeft UIInterfaceOrientationLandscapeRight";
				INFOPLIST_KEY_UISupportedInterfaceOrientations_iPhone = "UIInterfaceOrientationPortrait UIInterfaceOrientationLandscapeLeft UIInterfaceOrientationLandscapeRight";
				LD_RUNPATH_SEARCH_PATHS = (
					"$(inherited)",
					"@executable_path/Frameworks",
				);
				MARKETING_VERSION = 1.0;
				PRODUCT_BUNDLE_IDENTIFIER = "donghankim.arkit-opencv2";
				PRODUCT_NAME = "$(TARGET_NAME)";
				SWIFT_EMIT_LOC_STRINGS = YES;
				SWIFT_OBJC_BRIDGING_HEADER = "arkit_opencv/C++/arkit_opencv-Bridging-Header.h";
				SWIFT_OPTIMIZATION_LEVEL = "-Onone";
				SWIFT_VERSION = 5.0;
				TARGETED_DEVICE_FAMILY = "1,2";
			};
			name = Debug;
		};
		1FB4013F27B0EC7E00618EB8 /* Release */ = {
			isa = XCBuildConfiguration;
			buildSettings = {
				ASSETCATALOG_COMPILER_APPICON_NAME = AppIcon;
				ASSETCATALOG_COMPILER_GLOBAL_ACCENT_COLOR_NAME = AccentColor;
				CLANG_ENABLE_MODULES = YES;
				CODE_SIGN_STYLE = Automatic;
				CURRENT_PROJECT_VERSION = 1;
				DEVELOPMENT_TEAM = 3CA5PPY568;
				FRAMEWORK_SEARCH_PATHS = (
					"$(inherited)",
					"$(PROJECT_DIR)",
				);
				GENERATE_INFOPLIST_FILE = YES;
				INFOPLIST_FILE = arkit_opencv/Info.plist;
				INFOPLIST_KEY_UIApplicationSupportsIndirectInputEvents = YES;
				INFOPLIST_KEY_UILaunchStoryboardName = LaunchScreen;
				INFOPLIST_KEY_UIMainStoryboardFile = Main;
				INFOPLIST_KEY_UISupportedInterfaceOrientations_iPad = "UIInterfaceOrientationPortrait UIInterfaceOrientationPortraitUpsideDown UIInterfaceOrientationLandscapeLeft UIInterfaceOrientationLandscapeRight";
				INFOPLIST_KEY_UISupportedInterfaceOrientations_iPhone = "UIInterfaceOrientationPortrait UIInterfaceOrientationLandscapeLeft UIInterfaceOrientationLandscapeRight";
				LD_RUNPATH_SEARCH_PATHS = (
					"$(inherited)",
					"@executable_path/Frameworks",
				);
				MARKETING_VERSION = 1.0;
				PRODUCT_BUNDLE_IDENTIFIER = "donghankim.arkit-opencv2";
				PRODUCT_NAME = "$(TARGET_NAME)";
				SWIFT_EMIT_LOC_STRINGS = YES;
				SWIFT_OBJC_BRIDGING_HEADER = "arkit_opencv/C++/arkit_opencv-Bridging-Header.h";
				SWIFT_VERSION = 5.0;
				TARGETED_DEVICE_FAMILY = "1,2";
			};
			name = Release;
		};
/* End XCBuildConfiguration section */

/* Begin XCConfigurationList section */
		1FB4012427B0EC7B00618EB8 /* Build configuration list for PBXProject "arkit_opencv" */ = {
			isa = XCConfigurationList;
			buildConfigurations = (
				1FB4013B27B0EC7E00618EB8 /* Debug */,
				1FB4013C27B0EC7E00618EB8 /* Release */,
			);
			defaultConfigurationIsVisible = 0;
			defaultConfigurationName = Release;
		};
		1FB4013D27B0EC7E00618EB8 /* Build configuration list for PBXNativeTarget "arkit_opencv" */ = {
			isa = XCConfigurationList;
			buildConfigurations = (
				1FB4013E27B0EC7E00618EB8 /* Debug */,
				1FB4013F27B0EC7E00618EB8 /* Release */,
			);
			defaultConfigurationIsVisible = 0;
			defaultConfigurationName = Release;
		};
/* End XCConfigurationList section */
	};
	rootObject = 1FB4012127B0EC7B00618EB8 /* Project object */;
}
